
Microsoft Visual Studio Solution File, Format Version 12.00
# Visual Studio Version 17
VisualStudioVersion = 17.14.36518.9 d17.14
MinimumVisualStudioVersion = 10.0.40219.1
Project("{FAE04EC0-301F-11D3-BF4B-00C04F79EFBC}") = "praktik 6.2_nabil_XPPLG 2", "praktik 6.2_nabil_XPPLG 2\praktik 6.2_nabil_XPPLG 2.csproj", "{F8672A4F-44D4-494C-910E-42D59B60F812}"
EndProject
Global
	GlobalSection(SolutionConfigurationPlatforms) = preSolution
		Debug|Any CPU = Debug|Any CPU
		Release|Any CPU = Release|Any CPU
	EndGlobalSection
	GlobalSection(ProjectConfigurationPlatforms) = postSolution
		{F8672A4F-44D4-494C-910E-42D59B60F812}.Debug|Any CPU.ActiveCfg = Debug|Any CPU
		{F8672A4F-44D4-494C-910E-42D59B60F812}.Debug|Any CPU.Build.0 = Debug|Any CPU
		{F8672A4F-44D4-494C-910E-42D59B60F812}.Release|Any CPU.ActiveCfg = Release|Any CPU
		{F8672A4F-44D4-494C-910E-42D59B60F812}.Release|Any CPU.Build.0 = Release|Any CPU
	EndGlobalSection
	GlobalSection(SolutionProperties) = preSolution
		HideSolutionNode = FALSE
	EndGlobalSection
	GlobalSection(ExtensibilityGlobals) = postSolution
		SolutionGuid = {F1BE8177-CB62-43FF-81F9-E87616654098}
	EndGlobalSection
EndGlobal
