
Microsoft Visual Studio Solution File, Format Version 12.00
# Visual Studio Version 17
VisualStudioVersion = 17.14.36518.9 d17.14
MinimumVisualStudioVersion = 10.0.40219.1
Project("{FAE04EC0-301F-11D3-BF4B-00C04F79EFBC}") = "praktik 3.9", "praktik 3.9\praktik 3.9.csproj", "{31F92CFA-40C2-4DD4-B3F2-8410D2AB4A84}"
EndProject
Global
	GlobalSection(SolutionConfigurationPlatforms) = preSolution
		Debug|Any CPU = Debug|Any CPU
		Release|Any CPU = Release|Any CPU
	EndGlobalSection
	GlobalSection(ProjectConfigurationPlatforms) = postSolution
		{31F92CFA-40C2-4DD4-B3F2-8410D2AB4A84}.Debug|Any CPU.ActiveCfg = Debug|Any CPU
		{31F92CFA-40C2-4DD4-B3F2-8410D2AB4A84}.Debug|Any CPU.Build.0 = Debug|Any CPU
		{31F92CFA-40C2-4DD4-B3F2-8410D2AB4A84}.Release|Any CPU.ActiveCfg = Release|Any CPU
		{31F92CFA-40C2-4DD4-B3F2-8410D2AB4A84}.Release|Any CPU.Build.0 = Release|Any CPU
	EndGlobalSection
	GlobalSection(SolutionProperties) = preSolution
		HideSolutionNode = FALSE
	EndGlobalSection
	GlobalSection(ExtensibilityGlobals) = postSolution
		SolutionGuid = {0C779CA6-4B80-485A-BD08-5BC75504AA7D}
	EndGlobalSection
EndGlobal
