
Microsoft Visual Studio Solution File, Format Version 12.00
# Visual Studio Version 17
VisualStudioVersion = 17.14.36414.22 d17.14
MinimumVisualStudioVersion = 10.0.40219.1
Project("{FAE04EC0-301F-11D3-BF4B-00C04F79EFBC}") = "Praktik 7.1_Danu Tri", "Praktik 7.1_Danu Tri\Praktik 7.1_Danu Tri.csproj", "{3BC22F2B-13CE-439F-81B6-028B4AE25E14}"
EndProject
Global
	GlobalSection(SolutionConfigurationPlatforms) = preSolution
		Debug|Any CPU = Debug|Any CPU
		Release|Any CPU = Release|Any CPU
	EndGlobalSection
	GlobalSection(ProjectConfigurationPlatforms) = postSolution
		{3BC22F2B-13CE-439F-81B6-028B4AE25E14}.Debug|Any CPU.ActiveCfg = Debug|Any CPU
		{3BC22F2B-13CE-439F-81B6-028B4AE25E14}.Debug|Any CPU.Build.0 = Debug|Any CPU
		{3BC22F2B-13CE-439F-81B6-028B4AE25E14}.Release|Any CPU.ActiveCfg = Release|Any CPU
		{3BC22F2B-13CE-439F-81B6-028B4AE25E14}.Release|Any CPU.Build.0 = Release|Any CPU
	EndGlobalSection
	GlobalSection(SolutionProperties) = preSolution
		HideSolutionNode = FALSE
	EndGlobalSection
	GlobalSection(ExtensibilityGlobals) = postSolution
		SolutionGuid = {E1D43AA7-E6F0-4705-B299-05EAA1EBBD69}
	EndGlobalSection
EndGlobal
