
Microsoft Visual Studio Solution File, Format Version 12.00
# Visual Studio Version 17
VisualStudioVersion = 17.14.36518.9 d17.14
MinimumVisualStudioVersion = 10.0.40219.1
Project("{FAE04EC0-301F-11D3-BF4B-00C04F79EFBC}") = "praktik_6.1_nabil_xpplg 2", "praktik_6.1_nabil_xpplg 2\praktik_6.1_nabil_xpplg 2.csproj", "{102BE574-B7CD-4303-BA34-0BBFA3B23EE0}"
EndProject
Global
	GlobalSection(SolutionConfigurationPlatforms) = preSolution
		Debug|Any CPU = Debug|Any CPU
		Release|Any CPU = Release|Any CPU
	EndGlobalSection
	GlobalSection(ProjectConfigurationPlatforms) = postSolution
		{102BE574-B7CD-4303-BA34-0BBFA3B23EE0}.Debug|Any CPU.ActiveCfg = Debug|Any CPU
		{102BE574-B7CD-4303-BA34-0BBFA3B23EE0}.Debug|Any CPU.Build.0 = Debug|Any CPU
		{102BE574-B7CD-4303-BA34-0BBFA3B23EE0}.Release|Any CPU.ActiveCfg = Release|Any CPU
		{102BE574-B7CD-4303-BA34-0BBFA3B23EE0}.Release|Any CPU.Build.0 = Release|Any CPU
	EndGlobalSection
	GlobalSection(SolutionProperties) = preSolution
		HideSolutionNode = FALSE
	EndGlobalSection
	GlobalSection(ExtensibilityGlobals) = postSolution
		SolutionGuid = {12658675-40E0-4232-9CA6-F53087BF693A}
	EndGlobalSection
EndGlobal
